# This file was autogenerated by Stack.
# You should not edit this file by hand.
# For more information, please see the documentation at:
#   https://docs.haskellstack.org/en/stable/topics/lock_files

packages:
- completed:
    commit: 5ef69a329fed518fce6bd7a5d0cd72e39e8d261f
    git: https://github.com/IagoAbal/haskell-z3.git
    name: z3
    pantry-tree:
      sha256: 20bfa4a80a4165decdd45e70aaab74cb20c54a808e84e475dc8a766295ece1cc
      size: 1525
    version: '408.2'
  original:
    commit: 5ef69a329fed518fce6bd7a5d0cd72e39e8d261f
    git: https://github.com/IagoAbal/haskell-z3.git
snapshots:
- completed:
    sha256: 3c412a7c13dba6d3d808455a458e0776c58b6cf99b8a7961a2f5e55589d6f1d6
    size: 729011
    url: https://raw.githubusercontent.com/commercialhaskell/stackage-snapshots/master/lts/24/43.yaml
  original: lts-24.43
