# This file was autogenerated by Stack.
# You should not edit this file by hand.
# For more information, please see the documentation at:
#   https://docs.haskellstack.org/en/stable/topics/lock_files

packages:
- completed:
    commit: 5ef69a329fed518fce6bd7a5d0cd72e39e8d261f
    git: https://github.com/IagoAbal/haskell-z3.git
    name: z3
    pantry-tree:
      sha256: 20bfa4a80a4165decdd45e70aaab74cb20c54a808e84e475dc8a766295ece1cc
      size: 1525
    version: '408.2'
  original:
    commit: 5ef69a329fed518fce6bd7a5d0cd72e39e8d261f
    git: https://github.com/IagoAbal/haskell-z3.git
- completed:
    hackage: HUnit-1.6.2.0@sha256:1a79174e8af616117ad39464cac9de205ca923da6582825e97c10786fda933a4,1588
    pantry-tree:
      sha256: 4f20a5a33866171260d0ee1e256c27f53cc84d37a68d498c3e12347f4e3d05b4
      size: 878
  original:
    hackage: HUnit-1.6.2.0@sha256:1a79174e8af616117ad39464cac9de205ca923da6582825e97c10786fda933a4,1588
- completed:
    hackage: call-stack-0.4.0@sha256:ac44d2c00931dc20b01750da8c92ec443eb63a7231e8550188cb2ac2385f7feb,1200
    pantry-tree:
      sha256: 04134fa69cdd824b4e4bb7f77e7173e0705f27deabdbbf99549c549400191e1e
      size: 501
  original:
    hackage: call-stack-0.4.0@sha256:ac44d2c00931dc20b01750da8c92ec443eb63a7231e8550188cb2ac2385f7feb,1200
- completed:
    hackage: test-framework-0.8.2.0@sha256:9fa62d8daa76e3277b8057111bf5d5562ea4d8062b1a357b0154495ff5eae299,6435
    pantry-tree:
      sha256: 484e944c34c49e0f62a21529df96e6c4ce9ce287cb984cd7bbf61af75811aa1d
      size: 2050
  original:
    hackage: test-framework-0.8.2.0@sha256:9fa62d8daa76e3277b8057111bf5d5562ea4d8062b1a357b0154495ff5eae299,6435
- completed:
    hackage: test-framework-hunit-0.3.0.2@sha256:7fd007e9cb082cd64a2213a6d36acf057f7d6df6b5343a088e81b2b3a9a23545,1487
    pantry-tree:
      sha256: 355897b03e0320296f207350f8c8aba4071b673021aef726bac27e3ad0bbb2cc
      size: 239
  original:
    hackage: test-framework-hunit-0.3.0.2@sha256:7fd007e9cb082cd64a2213a6d36acf057f7d6df6b5343a088e81b2b3a9a23545,1487
- completed:
    hackage: ansi-terminal-1.1.2@sha256:8e669f090aa3b9a62ef78f687dda12a19231ee163d2084522464036980a322ea,2758
    pantry-tree:
      sha256: 3c533b6c2d3c59606365a7c5ab3ca9addf09482c374f33328a5c0c907d5c2996
      size: 1184
  original:
    hackage: ansi-terminal-1.1.2@sha256:8e669f090aa3b9a62ef78f687dda12a19231ee163d2084522464036980a322ea,2758
- completed:
    hackage: ansi-wl-pprint-1.0.2@sha256:b817853b5310b8e7847469847608b664c3e75b4b30c332f2cb8c0d00751ef9c1,1915
    pantry-tree:
      sha256: 3be652ff37d9ff697cb60ac1a7c544ee2cfb22f56e570f800f896355e04dd2e1
      size: 390
  original:
    hackage: ansi-wl-pprint-1.0.2@sha256:b817853b5310b8e7847469847608b664c3e75b4b30c332f2cb8c0d00751ef9c1,1915
- completed:
    hackage: extensible-exceptions-0.1.1.4@sha256:eb5fe684a7ffe8d1ed2ed6cdaec7dfb29efc780811ea7158a64edc2abc516f47,1205
    pantry-tree:
      sha256: a3c019d3e48ea166f7865f83d369aa1c90ac4b19deaf7e2ddea33e96a2e70e32
      size: 238
  original:
    hackage: extensible-exceptions-0.1.1.4@sha256:eb5fe684a7ffe8d1ed2ed6cdaec7dfb29efc780811ea7158a64edc2abc516f47,1205
- completed:
    hackage: hostname-1.0@sha256:8203b6ecd14ca1ef12f73a471b0a6a4be3ad4568d8b84f2bc4bc9e0abb8c4153,813
    pantry-tree:
      sha256: 962f3607627035d8da35d0073170e75e736adcc6919a3d96669cbe28bf19468b
      size: 212
  original:
    hackage: hostname-1.0@sha256:8203b6ecd14ca1ef12f73a471b0a6a4be3ad4568d8b84f2bc4bc9e0abb8c4153,813
- completed:
    hackage: old-locale-1.0.0.7@sha256:fa998be2c7e00cd26a6e9075bea790caaf3932caa3e9497ad69bc20380dd6911,1071
    pantry-tree:
      sha256: 462ef15cb35164d585aa3860f717c9685fbf05578330490860abd544381d2e24
      size: 263
  original:
    hackage: old-locale-1.0.0.7@sha256:fa998be2c7e00cd26a6e9075bea790caaf3932caa3e9497ad69bc20380dd6911,1071
- completed:
    hackage: random-1.2.1.2@sha256:32397de181e20ccaacf806ec70de9308cf044f089a2be37c936f3f8967bde867,6460
    pantry-tree:
      sha256: cd0fe2b39e4d4efad4d78f69c28b7fd49ffe2879923b3a9272352edc43a956e6
      size: 1528
  original:
    hackage: random-1.2.1.2@sha256:32397de181e20ccaacf806ec70de9308cf044f089a2be37c936f3f8967bde867,6460
- completed:
    hackage: regex-posix-0.96.0.1@sha256:816d6acc560cb86672f347a7bef8129578dde26ed760f9e79b4976ed9bd7b9fd,2925
    pantry-tree:
      sha256: ea6a3adfad8fb41a761b71afb057454a41eb76fc3f75c926d0bda90588b20529
      size: 748
  original:
    hackage: regex-posix-0.96.0.1@sha256:816d6acc560cb86672f347a7bef8129578dde26ed760f9e79b4976ed9bd7b9fd,2925
- completed:
    hackage: xml-1.3.14@sha256:c7a33d37c968c769723931a33e4e795f0aadda6cb62e7073ded8a2db52509d95,952
    pantry-tree:
      sha256: 3be66e5958684b1a2f9cf688a32a2eac785413098afe7472717ba7c0ed3a295a
      size: 589
  original:
    hackage: xml-1.3.14@sha256:c7a33d37c968c769723931a33e4e795f0aadda6cb62e7073ded8a2db52509d95,952
- completed:
    hackage: ansi-terminal-types-1.1@sha256:135f6a381afa19d53d0a3fe40b6dd47e6666c538b09e4300fbb1438759df3248,1462
    pantry-tree:
      sha256: a0a28ef7a7d3a8e69c6bd45c7e6dddf24c17477714fc4135de3138a36e98b16a
      size: 291
  original:
    hackage: ansi-terminal-types-1.1@sha256:135f6a381afa19d53d0a3fe40b6dd47e6666c538b09e4300fbb1438759df3248,1462
- completed:
    hackage: colour-2.3.6@sha256:ebdcbf15023958838a527e381ab3c3b1e99ed12d1b25efeb7feaa4ad8c37664a,2378
    pantry-tree:
      sha256: 03f8e22f364deb86098dbfbe0bf83c896437b2355f139abdac0402658fb6ac7e
      size: 1183
  original:
    hackage: colour-2.3.6@sha256:ebdcbf15023958838a527e381ab3c3b1e99ed12d1b25efeb7feaa4ad8c37664a,2378
- completed:
    hackage: prettyprinter-compat-ansi-wl-pprint-1.0.2@sha256:4f6213ef47126de1592ecb2ffcc5debd9548f30fed745213547bf3891f3eed3c,1391
    pantry-tree:
      sha256: b8f8058aa43abddf976348f52e61d753368aabd817d7283959f5301567312bc5
      size: 308
  original:
    hackage: prettyprinter-compat-ansi-wl-pprint-1.0.2@sha256:4f6213ef47126de1592ecb2ffcc5debd9548f30fed745213547bf3891f3eed3c,1391
- completed:
    hackage: regex-base-0.94.0.2@sha256:0322b2fcd1358f3355e0c8608efa60d27b14d1c9d476451dbcb9181363bd8b27,2601
    pantry-tree:
      sha256: c20b2715d5c222d86be55cf991958cfddb9273743a90d522d268f9c9028eda6c
      size: 531
  original:
    hackage: regex-base-0.94.0.2@sha256:0322b2fcd1358f3355e0c8608efa60d27b14d1c9d476451dbcb9181363bd8b27,2601
- completed:
    hackage: splitmix-0.1.0.5@sha256:caa9b4a92abf1496c7f6a3c0f4e357426a54880077cb9f04e260a8bfa034b77b,6596
    pantry-tree:
      sha256: 6eb34b55fb0eb1c41fe539fb8ece181e31e82f4c89abf2b1aaf46df4b274797d
      size: 1519
  original:
    hackage: splitmix-0.1.0.5@sha256:caa9b4a92abf1496c7f6a3c0f4e357426a54880077cb9f04e260a8bfa034b77b,6596
- completed:
    hackage: hspec-2.11.10@sha256:62f300fd84909669466a817a1a7eef68c96f5e40d6d85d23c4ee17d6478895b7,1766
    pantry-tree:
      sha256: 963d4861c7d7b39f1f0a8af5dedcde93229cc3550a31998f291f05af8ea45fe5
      size: 584
  original:
    hackage: hspec-2.11.10@sha256:62f300fd84909669466a817a1a7eef68c96f5e40d6d85d23c4ee17d6478895b7,1766
- completed:
    hackage: QuickCheck-2.15.0.1@sha256:ff732606dd8b3f76e3cb87a26516583d183729bf540085228c82adf037aca8bf,8751
    pantry-tree:
      sha256: f05339cb3b9a929fcd533ce101cbf55884301e8bb446d9d528bd5794db22f936
      size: 2437
  original:
    hackage: QuickCheck-2.15.0.1@sha256:ff732606dd8b3f76e3cb87a26516583d183729bf540085228c82adf037aca8bf,8751
- completed:
    hackage: hspec-core-2.11.10@sha256:da9f859a25e07f9e562e460037ba09f38c420c5fb6dc56b57027c7d6be0a4281,7498
    pantry-tree:
      sha256: 2821221d332d3a9d0da91d4e2526a2d6af6b49aeea5419548be9045a1260dbb2
      size: 6935
  original:
    hackage: hspec-core-2.11.10@sha256:da9f859a25e07f9e562e460037ba09f38c420c5fb6dc56b57027c7d6be0a4281,7498
- completed:
    hackage: hspec-discover-2.11.10@sha256:66f66caff8e3a0b0b1575381e474157795452b86f676aae41d5eb87e18a858f0,2171
    pantry-tree:
      sha256: 91a673f0f217913b93a6593d2c39cf57ffedfb395ca064a1003cccb52c1f3aa8
      size: 829
  original:
    hackage: hspec-discover-2.11.10@sha256:66f66caff8e3a0b0b1575381e474157795452b86f676aae41d5eb87e18a858f0,2171
- completed:
    hackage: hspec-expectations-0.8.4@sha256:4237f094a7931202ff57ac6475542b0b314b50a7024550e2b6eb87cfb0d4ff93,1702
    pantry-tree:
      sha256: 87681840d430b84686f83f1ab8b5873b09c349775698665233443914acf9ba2b
      size: 741
  original:
    hackage: hspec-expectations-0.8.4@sha256:4237f094a7931202ff57ac6475542b0b314b50a7024550e2b6eb87cfb0d4ff93,1702
- completed:
    hackage: haskell-lexer-1.1.2@sha256:fc186785c4912a545e8e89ef17abfa60a3c9e924a378589c842c5ec30ec3b414,1279
    pantry-tree:
      sha256: 220087b0f5bfc3bc03cc8810e1ea4626cdea58e186f8316fb601b4c3c928b6b7
      size: 588
  original:
    hackage: haskell-lexer-1.1.2@sha256:fc186785c4912a545e8e89ef17abfa60a3c9e924a378589c842c5ec30ec3b414,1279
- completed:
    hackage: quickcheck-io-0.2.0@sha256:7bf0b68fb90873825eb2e5e958c1b76126dcf984debb998e81673e6d837e0b2d,1133
    pantry-tree:
      sha256: afaa27fbf8b35aa7ce174abd9c59a84a12fd7f3d08300c3280b22c1d204f11ca
      size: 223
  original:
    hackage: quickcheck-io-0.2.0@sha256:7bf0b68fb90873825eb2e5e958c1b76126dcf984debb998e81673e6d837e0b2d,1133
- completed:
    hackage: tf-random-0.5@sha256:14012837d0f0e18fdbbe3d56e67da8622ee5e20b180abce952dd50bd9f36b326,3983
    pantry-tree:
      sha256: d6483580cfea846cbf23ff1d7a67849546d5096425b6d61318a34554043b4ffb
      size: 941
  original:
    hackage: tf-random-0.5@sha256:14012837d0f0e18fdbbe3d56e67da8622ee5e20b180abce952dd50bd9f36b326,3983
- completed:
    hackage: primitive-0.9.0.0@sha256:de20bf4eff1f972088854c8efda6eaca2d3147aff62232c3707f059152638759,3203
    pantry-tree:
      sha256: dfbbba14651e21a849a5a7f2fa91a7f8f62449da64b476e139c8da4b73aedd02
      size: 1793
  original:
    hackage: primitive-0.9.0.0@sha256:de20bf4eff1f972088854c8efda6eaca2d3147aff62232c3707f059152638759,3203
snapshots: []
